services:
  caddy:
    image: docker.io/library/caddy:latest@sha256:e23538fceb12f3f8cc97a174844aa99bdea7715023d6e088028850fd0601e2e2
  chrome:
    image: ghcr.io/browserless/chromium:v2.18.0@sha256:b0adebacc9b737505e3de46b1feec1f184410b22091a778f94fd09bcc48806f1
  database:
    image: ghcr.io/immich-app/postgres:14-vectorchord0.4.3-pgvectors0.2.0@sha256:32324a2f41df5de9efe1af166b7008c3f55646f8d0e00d9550c16c9822366b4a
  db:
    image: docker.io/library/postgres:17@sha256:4d89c904835259bc58876520e56267ca07a4ebd6a027f7814bbbf91b50d685be
  homepage: {}
  immich-machine-learning:
    image: ghcr.io/immich-app/immich-machine-learning:release@sha256:198d52734136fe9840866cc2f48a8141e0d002c2a25be7e35cd28ef7936b6c67
  immich-server:
    image: ghcr.io/immich-app/immich-server:release@sha256:8c9633b96ca5b748b10875a99c498ee6f1e5d7f7d1df2bf341909cacb88ad672
  minio:
    image: docker.io/minio/minio:latest@sha256:d249d1fb6966de4d8ad26c04754b545205ff15a62e4fd19ebd0f26fa5baacbc0
  nextcloud:
    image: docker.io/library/nextcloud:latest@sha256:31d564f5f9f43f2aed0633854a2abd39155f85aa156997f7252f5af908efa99b
  nextcloud-maria-db:
    image: docker.io/library/mariadb:10.6@sha256:7589b386fa6686a5d5f131b504ed21c81e492c48b78c6c4be0d5be1066542559
  redis:
    image: docker.io/valkey/valkey@sha256:fec42f399876eb6faf9e008570597741c87ff7662a54185593e74b09ce83d177
  resume-app:
    image: docker.io/amruthpillai/reactive-resume:latest@sha256:53ce201e15d79535494d278fd13658f57d0331f2b5eba12163bf38b879366c65
  resume-postgres:
    image: docker.io/library/postgres:16-alpine@sha256:7c688148e5e156d0e86df7ba8ae5a05a2386aaec1e2ad8e6d11bdf10504b1fb7
  vaultwarden:
    image: docker.io/vaultwarden/server:latest@sha256:48267ea14d8649b2e553a5fe290c40b5dd94d54e9a24b26ae7134a75a659695f
  vikunja:
    image: docker.io/vikunja/vikunja:latest@sha256:ed1f3ed467fecec0b57e9de7bc6607f8bbcbb23ffced6a81f5dfefc794cdbe3b
