{
  "nodes": {
    "disko": {
      "inputs": {
        "nixpkgs": [
          "nixpkgs"
        ]
      },
      "locked": {
        "lastModified": 1741786315,
        "narHash": "sha256-VT65AE2syHVj6v/DGB496bqBnu1PXrrzwlw07/Zpllc=",
        "owner": "nix-community",
        "repo": "disko",
        "rev": "0d8c6ad4a43906d14abd5c60e0ffe7b587b213de",
        "type": "github"
      },
      "original": {
        "owner": "nix-community",
        "repo": "disko",
        "type": "github"
      }
    },
    "nixpkgs": {
      "locked": {
        "lastModified": 1742512142,
        "narHash": "sha256-8XfURTDxOm6+33swQJu/hx6xw1Tznl8vJJN5HwVqckg=",
        "owner": "NixOS",
        "repo": "nixpkgs",
        "rev": "7105ae3957700a9646cc4b766f5815b23ed0c682",
        "type": "github"
      },
      "original": {
        "owner": "NixOS",
        "ref": "nixos-24.11",
        "repo": "nixpkgs",
        "type": "github"
      }
    },
    "nixpkgs_2": {
      "locked": {
        "lastModified": 1741010256,
        "narHash": "sha256-WZNlK/KX7Sni0RyqLSqLPbK8k08Kq7H7RijPJbq9KHM=",
        "owner": "NixOS",
        "repo": "nixpkgs",
        "rev": "ba487dbc9d04e0634c64e3b1f0d25839a0a68246",
        "type": "github"
      },
      "original": {
        "owner": "NixOS",
        "ref": "nixos-unstable",
        "repo": "nixpkgs",
        "type": "github"
      }
    },
    "pyproject-build-systems": {
      "inputs": {
        "nixpkgs": [
          "wireguard-mesh-coordinator",
          "nixpkgs"
        ],
        "pyproject-nix": [
          "wireguard-mesh-coordinator",
          "pyproject-nix"
        ],
        "uv2nix": [
          "wireguard-mesh-coordinator",
          "uv2nix"
        ]
      },
      "locked": {
        "lastModified": 1740362541,
        "narHash": "sha256-S8Mno07MspggOv/xIz5g8hB2b/C5HPiX8E+rXzKY+5U=",
        "owner": "pyproject-nix",
        "repo": "build-system-pkgs",
        "rev": "e151741c848ba92331af91f4e47640a1fb82be19",
        "type": "github"
      },
      "original": {
        "owner": "pyproject-nix",
        "repo": "build-system-pkgs",
        "type": "github"
      }
    },
    "pyproject-nix": {
      "inputs": {
        "nixpkgs": [
          "wireguard-mesh-coordinator",
          "nixpkgs"
        ]
      },
      "locked": {
        "lastModified": 1740921768,
        "narHash": "sha256-4d27TdYoJ8B99b4kU7qESB4QVjiV9gPSuP2/MDqjDWo=",
        "owner": "pyproject-nix",
        "repo": "pyproject.nix",
        "rev": "ca5d23f044943a23cc4274b2d3dea45682dc025f",
        "type": "github"
      },
      "original": {
        "owner": "pyproject-nix",
        "repo": "pyproject.nix",
        "type": "github"
      }
    },
    "root": {
      "inputs": {
        "disko": "disko",
        "nixpkgs": "nixpkgs",
        "wireguard-mesh-coordinator": "wireguard-mesh-coordinator"
      }
    },
    "uv2nix": {
      "inputs": {
        "nixpkgs": [
          "wireguard-mesh-coordinator",
          "nixpkgs"
        ],
        "pyproject-nix": [
          "wireguard-mesh-coordinator",
          "pyproject-nix"
        ]
      },
      "locked": {
        "lastModified": 1741136175,
        "narHash": "sha256-9Lv9cUhzs6zwFXqttXyzsr4HApPoIva18bEwKNcPIlw=",
        "owner": "pyproject-nix",
        "repo": "uv2nix",
        "rev": "92e939465b4ace66f9c882f02b4a0ee3712f724f",
        "type": "github"
      },
      "original": {
        "owner": "pyproject-nix",
        "repo": "uv2nix",
        "type": "github"
      }
    },
    "wireguard-mesh-coordinator": {
      "inputs": {
        "nixpkgs": "nixpkgs_2",
        "pyproject-build-systems": "pyproject-build-systems",
        "pyproject-nix": "pyproject-nix",
        "uv2nix": "uv2nix"
      },
      "locked": {
        "lastModified": 1742675779,
        "narHash": "sha256-YWRE8voJqlq/qBl1ry9Lj/hIv9EqMmJkFfuCKdEmkWI=",
        "owner": "DemyCode",
        "repo": "wireguard-mesh-coordinator",
        "rev": "2eb20f9607d591733c1cbefd6466ebb49bf8cb06",
        "type": "github"
      },
      "original": {
        "owner": "DemyCode",
        "repo": "wireguard-mesh-coordinator",
        "type": "github"
      }
    }
  },
  "root": "root",
  "version": 7
}
